
Microsoft Visual Studio Solution File, Format Version 12.00
# Visual Studio Version 17
VisualStudioVersion = 17.0.31919.166
MinimumVisualStudioVersion = 10.0.40219.1
Project("{FAE04EC0-301F-11D3-BF4B-00C04F79EFBC}") = "EFCoreTemporalTablesTests", "EFCoreTemporalTablesTests\EFCoreTemporalTablesTests.csproj", "{04C5E851-4132-4548-A4D6-A3EF8C4D6215}"
EndProject
Global
	GlobalSection(SolutionConfigurationPlatforms) = preSolution
		Debug|Any CPU = Debug|Any CPU
		Release|Any CPU = Release|Any CPU
	EndGlobalSection
	GlobalSection(ProjectConfigurationPlatforms) = postSolution
		{04C5E851-4132-4548-A4D6-A3EF8C4D6215}.Debug|Any CPU.ActiveCfg = Debug|Any CPU
		{04C5E851-4132-4548-A4D6-A3EF8C4D6215}.Debug|Any CPU.Build.0 = Debug|Any CPU
		{04C5E851-4132-4548-A4D6-A3EF8C4D6215}.Release|Any CPU.ActiveCfg = Release|Any CPU
		{04C5E851-4132-4548-A4D6-A3EF8C4D6215}.Release|Any CPU.Build.0 = Release|Any CPU
	EndGlobalSection
	GlobalSection(SolutionProperties) = preSolution
		HideSolutionNode = FALSE
	EndGlobalSection
	GlobalSection(ExtensibilityGlobals) = postSolution
		SolutionGuid = {23E4C366-C35D-4FA7-87B8-80079FD48395}
	EndGlobalSection
EndGlobal
